
Microsoft Visual Studio Solution File, Format Version 12.00
# Visual Studio Version 17
VisualStudioVersion = 17.6.33829.357
MinimumVisualStudioVersion = 10.0.40219.1
Project("{FAE04EC0-301F-11D3-BF4B-00C04F79EFBC}") = "WebApplication3", "WebApplication3\WebApplication3.csproj", "{A9069332-8B6C-47C2-9A27-1308DE487805}"
EndProject
Global
	GlobalSection(SolutionConfigurationPlatforms) = preSolution
		Debug|Any CPU = Debug|Any CPU
		Release|Any CPU = Release|Any CPU
	EndGlobalSection
	GlobalSection(ProjectConfigurationPlatforms) = postSolution
		{A9069332-8B6C-47C2-9A27-1308DE487805}.Debug|Any CPU.ActiveCfg = Debug|Any CPU
		{A9069332-8B6C-47C2-9A27-1308DE487805}.Debug|Any CPU.Build.0 = Debug|Any CPU
		{A9069332-8B6C-47C2-9A27-1308DE487805}.Release|Any CPU.ActiveCfg = Release|Any CPU
		{A9069332-8B6C-47C2-9A27-1308DE487805}.Release|Any CPU.Build.0 = Release|Any CPU
	EndGlobalSection
	GlobalSection(SolutionProperties) = preSolution
		HideSolutionNode = FALSE
	EndGlobalSection
	GlobalSection(ExtensibilityGlobals) = postSolution
		SolutionGuid = {A9C49D98-2806-4824-8983-F947B8B01216}
	EndGlobalSection
EndGlobal
